<?xml version="1.0" encoding="utf-8"?>
<Project ToolsVersion="4.0" xmlns="http://schemas.microsoft.com/developer/msbuild/2003">
  <ItemGroup>
    <Filter Include="inc">
      <UniqueIdentifier>{67DA6AB6-F800-4c08-8B7A-83BB121AAD01}</UniqueIdentifier>
      <Extensions>rc;ico;cur;bmp;dlg;rc2;rct;bin;rgs;gif;jpg;jpeg;jpe;resx;tiff;tif;png;wav;mfcribbon-ms</Extensions>
    </Filter>
    <Filter Include="src">
      <UniqueIdentifier>{4FC737F1-C7A5-4376-A066-2A32D752A2FF}</UniqueIdentifier>
      <Extensions>cpp;c;cc;cxx;c++;cppm;ixx;def;odl;idl;hpj;bat;asm;asmx</Extensions>
    </Filter>
  </ItemGroup>
  <ItemGroup>
    <ClCompile Include="..\..\..\..\obs-studio-27.2\plugins\obs-outputs\ftl-sdk\libftl\ftl_helpers.c">
      <Filter>src</Filter>
    </ClCompile>
    <ClCompile Include="..\..\..\..\obs-studio-27.2\plugins\obs-outputs\ftl-sdk\libftl\ftl-sdk.c">
      <Filter>src</Filter>
    </ClCompile>
    <ClCompile Include="..\..\..\..\obs-studio-27.2\plugins\obs-outputs\ftl-sdk\libftl\handshake.c">
      <Filter>src</Filter>
    </ClCompile>
    <ClCompile Include="..\..\..\..\obs-studio-27.2\plugins\obs-outputs\ftl-sdk\libftl\ingest.c">
      <Filter>src</Filter>
    </ClCompile>
    <ClCompile Include="..\..\..\..\obs-studio-27.2\plugins\obs-outputs\ftl-sdk\libftl\logging.c">
      <Filter>src</Filter>
    </ClCompile>
    <ClCompile Include="..\..\..\..\obs-studio-27.2\plugins\obs-outputs\ftl-sdk\libftl\media.c">
      <Filter>src</Filter>
    </ClCompile>
    <ClCompile Include="..\..\..\..\obs-studio-27.2\plugins\obs-outputs\ftl-sdk\libftl\win32\socket.c">
      <Filter>src</Filter>
    </ClCompile>
    <ClCompile Include="..\..\..\..\obs-studio-27.2\plugins\obs-outputs\ftl-sdk\libftl\win32\threads.c">
      <Filter>src</Filter>
    </ClCompile>
    <ClCompile Include="..\..\..\..\obs-studio-27.2\plugins\obs-outputs\librtmp\amf.c">
      <Filter>src</Filter>
    </ClCompile>
    <ClCompile Include="..\..\..\..\obs-studio-27.2\plugins\obs-outputs\librtmp\cencode.c">
      <Filter>src</Filter>
    </ClCompile>
    <ClCompile Include="..\..\..\..\obs-studio-27.2\plugins\obs-outputs\librtmp\hashswf.c">
      <Filter>src</Filter>
    </ClCompile>
    <ClCompile Include="..\..\..\..\obs-studio-27.2\plugins\obs-outputs\librtmp\log.c">
      <Filter>src</Filter>
    </ClCompile>
    <ClCompile Include="..\..\..\..\obs-studio-27.2\plugins\obs-outputs\librtmp\md5.c">
      <Filter>src</Filter>
    </ClCompile>
    <ClCompile Include="..\..\..\..\obs-studio-27.2\plugins\obs-outputs\librtmp\parseurl.c">
      <Filter>src</Filter>
    </ClCompile>
    <ClCompile Include="..\..\..\..\obs-studio-27.2\plugins\obs-outputs\librtmp\rtmp.c">
      <Filter>src</Filter>
    </ClCompile>
    <ClCompile Include="..\..\..\..\obs-studio-27.2\plugins\obs-outputs\flv-mux.c">
      <Filter>src</Filter>
    </ClCompile>
    <ClCompile Include="..\..\..\..\obs-studio-27.2\plugins\obs-outputs\flv-output.c">
      <Filter>src</Filter>
    </ClCompile>
    <ClCompile Include="..\..\..\..\obs-studio-27.2\plugins\obs-outputs\ftl-stream.c">
      <Filter>src</Filter>
    </ClCompile>
    <ClCompile Include="..\..\..\..\obs-studio-27.2\plugins\obs-outputs\net-if.c">
      <Filter>src</Filter>
    </ClCompile>
    <ClCompile Include="..\..\..\..\obs-studio-27.2\plugins\obs-outputs\null-output.c">
      <Filter>src</Filter>
    </ClCompile>
    <ClCompile Include="..\..\..\..\obs-studio-27.2\plugins\obs-outputs\obs-outputs.c">
      <Filter>src</Filter>
    </ClCompile>
    <ClCompile Include="..\..\..\..\obs-studio-27.2\plugins\obs-outputs\rtmp-stream.c">
      <Filter>src</Filter>
    </ClCompile>
    <ClCompile Include="..\..\..\..\obs-studio-27.2\plugins\obs-outputs\rtmp-windows.c">
      <Filter>src</Filter>
    </ClCompile>
    <ClCompile Include="..\..\..\..\obs-studio-27.2\plugins\obs-outputs\ftl-sdk\libftl\gettimeofday\gettimeofday.c">
      <Filter>src</Filter>
    </ClCompile>
    <ClCompile Include="..\..\..\..\obs-studio-27.2\plugins\obs-outputs\ftl-sdk\libftl\hmac\hmac.c">
      <Filter>src</Filter>
    </ClCompile>
    <ClCompile Include="..\..\..\..\obs-studio-27.2\plugins\obs-outputs\ftl-sdk\libftl\hmac\sha2.c">
      <Filter>src</Filter>
    </ClCompile>
  </ItemGroup>
  <ItemGroup>
    <ClInclude Include="..\..\..\..\obs-studio-27.2\plugins\obs-outputs\ftl-sdk\libftl\gettimeofday\gettimeofday.h">
      <Filter>src</Filter>
    </ClInclude>
    <ClInclude Include="..\..\..\..\obs-studio-27.2\plugins\obs-outputs\ftl-sdk\libftl\hmac\hmac.h">
      <Filter>inc</Filter>
    </ClInclude>
    <ClInclude Include="..\..\..\..\obs-studio-27.2\plugins\obs-outputs\ftl-sdk\libftl\hmac\sha2.h">
      <Filter>inc</Filter>
    </ClInclude>
    <ClInclude Include="..\..\..\..\obs-studio-27.2\plugins\obs-outputs\ftl-sdk\libftl\ftl.h">
      <Filter>inc</Filter>
    </ClInclude>
    <ClInclude Include="..\..\..\..\obs-studio-27.2\plugins\obs-outputs\ftl-sdk\libftl\ftl_private.h">
      <Filter>inc</Filter>
    </ClInclude>
    <ClInclude Include="..\..\..\..\obs-studio-27.2\plugins\obs-outputs\ftl-sdk\libftl\win32\socket.h">
      <Filter>inc</Filter>
    </ClInclude>
    <ClInclude Include="..\..\..\..\obs-studio-27.2\plugins\obs-outputs\ftl-sdk\libftl\win32\threads.h">
      <Filter>inc</Filter>
    </ClInclude>
    <ClInclude Include="..\..\..\..\obs-studio-27.2\plugins\obs-outputs\librtmp\amf.h">
      <Filter>inc</Filter>
    </ClInclude>
    <ClInclude Include="..\..\..\..\obs-studio-27.2\plugins\obs-outputs\librtmp\bytes.h">
      <Filter>inc</Filter>
    </ClInclude>
    <ClInclude Include="..\..\..\..\obs-studio-27.2\plugins\obs-outputs\librtmp\cencode.h">
      <Filter>inc</Filter>
    </ClInclude>
    <ClInclude Include="..\..\..\..\obs-studio-27.2\plugins\obs-outputs\librtmp\dh.h">
      <Filter>inc</Filter>
    </ClInclude>
    <ClInclude Include="..\..\..\..\obs-studio-27.2\plugins\obs-outputs\librtmp\dhgroups.h">
      <Filter>inc</Filter>
    </ClInclude>
    <ClInclude Include="..\..\..\..\obs-studio-27.2\plugins\obs-outputs\librtmp\handshake.h">
      <Filter>inc</Filter>
    </ClInclude>
    <ClInclude Include="..\..\..\..\obs-studio-27.2\plugins\obs-outputs\librtmp\http.h">
      <Filter>inc</Filter>
    </ClInclude>
    <ClInclude Include="..\..\..\..\obs-studio-27.2\plugins\obs-outputs\librtmp\log.h">
      <Filter>inc</Filter>
    </ClInclude>
    <ClInclude Include="..\..\..\..\obs-studio-27.2\plugins\obs-outputs\librtmp\md5.h">
      <Filter>inc</Filter>
    </ClInclude>
    <ClInclude Include="..\..\..\..\obs-studio-27.2\plugins\obs-outputs\librtmp\rtmp.h">
      <Filter>inc</Filter>
    </ClInclude>
    <ClInclude Include="..\..\..\..\obs-studio-27.2\plugins\obs-outputs\librtmp\rtmp_sys.h">
      <Filter>inc</Filter>
    </ClInclude>
    <ClInclude Include="..\..\..\..\obs-studio-27.2\plugins\obs-outputs\flv-mux.h">
      <Filter>inc</Filter>
    </ClInclude>
    <ClInclude Include="..\..\..\..\obs-studio-27.2\plugins\obs-outputs\net-if.h">
      <Filter>inc</Filter>
    </ClInclude>
    <ClInclude Include="..\..\..\..\obs-studio-27.2\plugins\obs-outputs\obs-output-ver.h">
      <Filter>inc</Filter>
    </ClInclude>
    <ClInclude Include="..\..\..\..\obs-studio-27.2\plugins\obs-outputs\rtmp-helpers.h">
      <Filter>inc</Filter>
    </ClInclude>
    <ClInclude Include="..\..\..\..\obs-studio-27.2\plugins\obs-outputs\rtmp-stream.h">
      <Filter>inc</Filter>
    </ClInclude>
  </ItemGroup>
</Project>