<?xml version="1.0" encoding="utf-8"?>
<Project ToolsVersion="4.0" xmlns="http://schemas.microsoft.com/developer/msbuild/2003">
  <ItemGroup>
    <Filter Include="audio-monitoring">
      <UniqueIdentifier>{93995380-89BD-4b04-88EB-625FBE52EBFB}</UniqueIdentifier>
      <Extensions>h;hh;hpp;hxx;h++;hm;inl;inc;ipp;xsd</Extensions>
    </Filter>
    <Filter Include="callback">
      <UniqueIdentifier>{dad52e54-8cd6-447e-9867-00a7ed139f4b}</UniqueIdentifier>
    </Filter>
    <Filter Include="data">
      <UniqueIdentifier>{9b7d3c43-6ba0-4d9c-8c5c-fae7a8514e3f}</UniqueIdentifier>
    </Filter>
    <Filter Include="graphics">
      <UniqueIdentifier>{114a4f04-6a48-4966-9df6-af22549adae3}</UniqueIdentifier>
    </Filter>
    <Filter Include="Header Files">
      <UniqueIdentifier>{53bfa368-1b9f-4507-8e18-a9c149225946}</UniqueIdentifier>
    </Filter>
    <Filter Include="libobs">
      <UniqueIdentifier>{2f845eee-e6f3-468d-99c1-b908445de7a2}</UniqueIdentifier>
    </Filter>
    <Filter Include="media-io">
      <UniqueIdentifier>{53ab3280-2915-4a48-9533-d9e7bea3fb76}</UniqueIdentifier>
    </Filter>
    <Filter Include="Source Files">
      <UniqueIdentifier>{76c3f35e-160f-44b2-8d1d-089688301831}</UniqueIdentifier>
    </Filter>
    <Filter Include="util">
      <UniqueIdentifier>{8c10e16e-b949-455e-ade5-3cfd7f5021bc}</UniqueIdentifier>
    </Filter>
    <Filter Include="data\Effect Files">
      <UniqueIdentifier>{4f4caf87-f27f-4b2c-893b-915206286351}</UniqueIdentifier>
    </Filter>
    <Filter Include="graphics\src">
      <UniqueIdentifier>{24447e7e-516d-4a17-aea7-b2024c6c2942}</UniqueIdentifier>
    </Filter>
    <Filter Include="graphics\inc">
      <UniqueIdentifier>{32bc3442-6db6-4e69-8f74-dd0350f86a0d}</UniqueIdentifier>
    </Filter>
    <Filter Include="libobs\src">
      <UniqueIdentifier>{84a5434a-d5dd-4ead-939e-d9e4335343c3}</UniqueIdentifier>
    </Filter>
    <Filter Include="util\src">
      <UniqueIdentifier>{b62be0a8-1614-4c7b-87f1-272fcf7a07b6}</UniqueIdentifier>
    </Filter>
    <Filter Include="util\inc">
      <UniqueIdentifier>{8c123ab3-a926-4007-83ea-6690ea5c223f}</UniqueIdentifier>
    </Filter>
    <Filter Include="libobs\inc">
      <UniqueIdentifier>{536cfd16-f516-4462-b9fd-b2c1a81e20b8}</UniqueIdentifier>
    </Filter>
  </ItemGroup>
  <ItemGroup>
    <ClInclude Include="..\..\..\source\config\obsconfig.h">
      <Filter>Header Files</Filter>
    </ClInclude>
    <ClInclude Include="..\..\..\..\obs-studio-27.2\libobs\graphics\vec2.h">
      <Filter>graphics\inc</Filter>
    </ClInclude>
    <ClInclude Include="..\..\..\..\obs-studio-27.2\libobs\graphics\vec3.h">
      <Filter>graphics\inc</Filter>
    </ClInclude>
    <ClInclude Include="..\..\..\..\obs-studio-27.2\libobs\graphics\vec4.h">
      <Filter>graphics\inc</Filter>
    </ClInclude>
    <ClInclude Include="..\..\..\..\obs-studio-27.2\libobs\graphics\quat.h">
      <Filter>graphics\inc</Filter>
    </ClInclude>
    <ClInclude Include="..\..\..\..\obs-studio-27.2\libobs\graphics\shader-parser.h">
      <Filter>graphics\inc</Filter>
    </ClInclude>
    <ClInclude Include="..\..\..\..\obs-studio-27.2\libobs\graphics\srgb.h">
      <Filter>graphics\inc</Filter>
    </ClInclude>
    <ClInclude Include="..\..\..\..\obs-studio-27.2\libobs\graphics\matrix3.h">
      <Filter>graphics\inc</Filter>
    </ClInclude>
    <ClInclude Include="..\..\..\..\obs-studio-27.2\libobs\graphics\matrix4.h">
      <Filter>graphics\inc</Filter>
    </ClInclude>
    <ClInclude Include="..\..\..\..\obs-studio-27.2\libobs\graphics\plane.h">
      <Filter>graphics\inc</Filter>
    </ClInclude>
    <ClInclude Include="..\..\..\..\obs-studio-27.2\libobs\graphics\libnsgif\libnsgif.h">
      <Filter>graphics\inc</Filter>
    </ClInclude>
    <ClInclude Include="..\..\..\..\obs-studio-27.2\libobs\graphics\math-defs.h">
      <Filter>graphics\inc</Filter>
    </ClInclude>
    <ClInclude Include="..\..\..\..\obs-studio-27.2\libobs\graphics\math-extra.h">
      <Filter>graphics\inc</Filter>
    </ClInclude>
    <ClInclude Include="..\..\..\..\obs-studio-27.2\libobs\graphics\image-file.h">
      <Filter>graphics\inc</Filter>
    </ClInclude>
    <ClInclude Include="..\..\..\..\obs-studio-27.2\libobs\graphics\input.h">
      <Filter>graphics\inc</Filter>
    </ClInclude>
    <ClInclude Include="..\..\..\..\obs-studio-27.2\libobs\graphics\graphics.h">
      <Filter>graphics\inc</Filter>
    </ClInclude>
    <ClInclude Include="..\..\..\..\obs-studio-27.2\libobs\graphics\half.h">
      <Filter>graphics\inc</Filter>
    </ClInclude>
    <ClInclude Include="..\..\..\..\obs-studio-27.2\libobs\graphics\graphics-internal.h">
      <Filter>graphics\inc</Filter>
    </ClInclude>
    <ClInclude Include="..\..\..\..\obs-studio-27.2\libobs\graphics\effect.h">
      <Filter>graphics\inc</Filter>
    </ClInclude>
    <ClInclude Include="..\..\..\..\obs-studio-27.2\libobs\graphics\effect-parser.h">
      <Filter>graphics\inc</Filter>
    </ClInclude>
    <ClInclude Include="..\..\..\..\obs-studio-27.2\libobs\graphics\bounds.h">
      <Filter>graphics\inc</Filter>
    </ClInclude>
    <ClInclude Include="..\..\..\..\obs-studio-27.2\libobs\graphics\device-exports.h">
      <Filter>graphics\inc</Filter>
    </ClInclude>
    <ClInclude Include="..\..\..\..\obs-studio-27.2\libobs\graphics\axisang.h">
      <Filter>graphics\inc</Filter>
    </ClInclude>
    <ClInclude Include="..\..\..\..\obs-studio-27.2\libobs\audio-monitoring\win32\wasapi-output.h">
      <Filter>audio-monitoring</Filter>
    </ClInclude>
    <ClInclude Include="..\..\..\..\obs-studio-27.2\libobs\obs-config.h">
      <Filter>Header Files</Filter>
    </ClInclude>
    <ClInclude Include="..\..\..\..\obs-studio-27.2\libobs\util\windows\win-registry.h">
      <Filter>util\inc</Filter>
    </ClInclude>
    <ClInclude Include="..\..\..\..\obs-studio-27.2\libobs\util\windows\win-version.h">
      <Filter>util\inc</Filter>
    </ClInclude>
    <ClInclude Include="..\..\..\..\obs-studio-27.2\libobs\util\util_uint64.h">
      <Filter>util\inc</Filter>
    </ClInclude>
    <ClInclude Include="..\..\..\..\obs-studio-27.2\libobs\util\util_uint128.h">
      <Filter>util\inc</Filter>
    </ClInclude>
    <ClInclude Include="..\..\..\..\obs-studio-27.2\libobs\util\windows\WinHandle.hpp">
      <Filter>util\inc</Filter>
    </ClInclude>
    <ClInclude Include="..\..\..\..\obs-studio-27.2\libobs\util\threading.h">
      <Filter>util\inc</Filter>
    </ClInclude>
    <ClInclude Include="..\..\..\..\obs-studio-27.2\libobs\util\threading-windows.h">
      <Filter>util\inc</Filter>
    </ClInclude>
    <ClInclude Include="..\..\..\..\obs-studio-27.2\libobs\util\utf8.h">
      <Filter>util\inc</Filter>
    </ClInclude>
    <ClInclude Include="..\..\..\..\obs-studio-27.2\libobs\util\util.hpp">
      <Filter>util\inc</Filter>
    </ClInclude>
    <ClInclude Include="..\..\..\..\obs-studio-27.2\libobs\util\task.h">
      <Filter>util\inc</Filter>
    </ClInclude>
    <ClInclude Include="..\..\..\..\obs-studio-27.2\libobs\util\text-lookup.h">
      <Filter>util\inc</Filter>
    </ClInclude>
    <ClInclude Include="..\..\..\..\obs-studio-27.2\libobs\util\threading-posix.h">
      <Filter>util\inc</Filter>
    </ClInclude>
    <ClInclude Include="..\..\..\..\obs-studio-27.2\libobs\util\sse-intrin.h">
      <Filter>util\inc</Filter>
    </ClInclude>
    <ClInclude Include="..\..\..\..\obs-studio-27.2\libobs\util\simde\x86\mmx.h">
      <Filter>util\inc</Filter>
    </ClInclude>
    <ClInclude Include="..\..\..\..\obs-studio-27.2\libobs\util\simde\simde-diagnostic.h">
      <Filter>util\inc</Filter>
    </ClInclude>
    <ClInclude Include="..\..\..\..\obs-studio-27.2\libobs\util\simde\simde-features.h">
      <Filter>util\inc</Filter>
    </ClInclude>
    <ClInclude Include="..\..\..\..\obs-studio-27.2\libobs\util\simde\simde-math.h">
      <Filter>util\inc</Filter>
    </ClInclude>
    <ClInclude Include="..\..\..\..\obs-studio-27.2\libobs\util\simde\simde-common.h">
      <Filter>util\inc</Filter>
    </ClInclude>
    <ClInclude Include="..\..\..\..\obs-studio-27.2\libobs\util\simde\simde-constify.h">
      <Filter>util\inc</Filter>
    </ClInclude>
    <ClInclude Include="..\..\..\..\obs-studio-27.2\libobs\util\simde\simde-detect-clang.h">
      <Filter>util\inc</Filter>
    </ClInclude>
    <ClInclude Include="..\..\..\..\obs-studio-27.2\libobs\util\simde\hedley.h">
      <Filter>util\inc</Filter>
    </ClInclude>
    <ClInclude Include="..\..\..\..\obs-studio-27.2\libobs\util\simde\simde-align.h">
      <Filter>util\inc</Filter>
    </ClInclude>
    <ClInclude Include="..\..\..\..\obs-studio-27.2\libobs\util\simde\simde-arch.h">
      <Filter>util\inc</Filter>
    </ClInclude>
    <ClInclude Include="..\..\..\..\obs-studio-27.2\libobs\util\simde\check.h">
      <Filter>util\inc</Filter>
    </ClInclude>
    <ClInclude Include="..\..\..\..\obs-studio-27.2\libobs\util\simde\debug-trap.h">
      <Filter>util\inc</Filter>
    </ClInclude>
    <ClInclude Include="..\..\..\..\obs-studio-27.2\libobs\util\platform.h">
      <Filter>util\inc</Filter>
    </ClInclude>
    <ClInclude Include="..\..\..\..\obs-studio-27.2\libobs\util\profiler.h">
      <Filter>util\inc</Filter>
    </ClInclude>
    <ClInclude Include="..\..\..\..\obs-studio-27.2\libobs\util\profiler.hpp">
      <Filter>util\inc</Filter>
    </ClInclude>
    <ClInclude Include="..\..\..\..\obs-studio-27.2\libobs\util\serializer.h">
      <Filter>util\inc</Filter>
    </ClInclude>
    <ClInclude Include="..\..\..\..\obs-studio-27.2\libobs\util\pipe.h">
      <Filter>util\inc</Filter>
    </ClInclude>
    <ClInclude Include="..\..\..\..\obs-studio-27.2\libobs\util\file-serializer.h">
      <Filter>util\inc</Filter>
    </ClInclude>
    <ClInclude Include="..\..\..\..\obs-studio-27.2\libobs\util\lexer.h">
      <Filter>util\inc</Filter>
    </ClInclude>
    <ClInclude Include="..\..\..\..\obs-studio-27.2\libobs\util\curl\curl-helper.h">
      <Filter>util\inc</Filter>
    </ClInclude>
    <ClInclude Include="..\..\..\..\obs-studio-27.2\libobs\util\darray.h">
      <Filter>util\inc</Filter>
    </ClInclude>
    <ClInclude Include="..\..\..\..\obs-studio-27.2\libobs\util\dstr.h">
      <Filter>util\inc</Filter>
    </ClInclude>
    <ClInclude Include="..\..\..\..\obs-studio-27.2\libobs\util\circlebuf.h">
      <Filter>util\inc</Filter>
    </ClInclude>
    <ClInclude Include="..\..\..\..\obs-studio-27.2\libobs\util\config-file.h">
      <Filter>util\inc</Filter>
    </ClInclude>
    <ClInclude Include="..\..\..\..\obs-studio-27.2\libobs\util\crc32.h">
      <Filter>util\inc</Filter>
    </ClInclude>
    <ClInclude Include="..\..\..\..\obs-studio-27.2\libobs\util\cf-lexer.h">
      <Filter>util\inc</Filter>
    </ClInclude>
    <ClInclude Include="..\..\..\..\obs-studio-27.2\libobs\util\cf-parser.h">
      <Filter>util\inc</Filter>
    </ClInclude>
    <ClInclude Include="..\..\..\..\obs-studio-27.2\libobs\util\bitstream.h">
      <Filter>util\inc</Filter>
    </ClInclude>
    <ClInclude Include="..\..\..\..\obs-studio-27.2\libobs\util\bmem.h">
      <Filter>util\inc</Filter>
    </ClInclude>
    <ClInclude Include="..\..\..\..\obs-studio-27.2\libobs\util\c99defs.h">
      <Filter>util\inc</Filter>
    </ClInclude>
    <ClInclude Include="..\..\..\..\obs-studio-27.2\libobs\util\array-serializer.h">
      <Filter>util\inc</Filter>
    </ClInclude>
    <ClInclude Include="..\..\..\..\obs-studio-27.2\libobs\util\base.h">
      <Filter>util\inc</Filter>
    </ClInclude>
    <ClInclude Include="..\..\..\..\obs-studio-27.2\libobs\util\apple\cfstring-utils.h">
      <Filter>util\inc</Filter>
    </ClInclude>
    <ClInclude Include="..\..\..\..\obs-studio-27.2\libobs\media-io\audio-io.h">
      <Filter>media-io</Filter>
    </ClInclude>
    <ClInclude Include="..\..\..\..\obs-studio-27.2\libobs\media-io\audio-math.h">
      <Filter>media-io</Filter>
    </ClInclude>
    <ClInclude Include="..\..\..\..\obs-studio-27.2\libobs\media-io\audio-resampler.h">
      <Filter>media-io</Filter>
    </ClInclude>
    <ClInclude Include="..\..\..\..\obs-studio-27.2\libobs\media-io\format-conversion.h">
      <Filter>media-io</Filter>
    </ClInclude>
    <ClInclude Include="..\..\..\..\obs-studio-27.2\libobs\media-io\frame-rate.h">
      <Filter>media-io</Filter>
    </ClInclude>
    <ClInclude Include="..\..\..\..\obs-studio-27.2\libobs\media-io\media-io-defs.h">
      <Filter>media-io</Filter>
    </ClInclude>
    <ClInclude Include="..\..\..\..\obs-studio-27.2\libobs\media-io\media-remux.h">
      <Filter>media-io</Filter>
    </ClInclude>
    <ClInclude Include="..\..\..\..\obs-studio-27.2\libobs\media-io\video-frame.h">
      <Filter>media-io</Filter>
    </ClInclude>
    <ClInclude Include="..\..\..\..\obs-studio-27.2\libobs\media-io\video-io.h">
      <Filter>media-io</Filter>
    </ClInclude>
    <ClInclude Include="..\..\..\..\obs-studio-27.2\libobs\media-io\video-scaler.h">
      <Filter>media-io</Filter>
    </ClInclude>
    <ClInclude Include="..\..\..\..\obs-studio-27.2\libobs\obs.h">
      <Filter>libobs\inc</Filter>
    </ClInclude>
    <ClInclude Include="..\..\..\..\obs-studio-27.2\libobs\obs-audio-controls.h">
      <Filter>libobs\inc</Filter>
    </ClInclude>
    <ClInclude Include="..\..\..\..\obs-studio-27.2\libobs\obs-avc.h">
      <Filter>libobs\inc</Filter>
    </ClInclude>
    <ClInclude Include="..\..\..\..\obs-studio-27.2\libobs\obs-data.h">
      <Filter>libobs\inc</Filter>
    </ClInclude>
    <ClInclude Include="..\..\..\..\obs-studio-27.2\libobs\obs-defs.h">
      <Filter>libobs\inc</Filter>
    </ClInclude>
    <ClInclude Include="..\..\..\..\obs-studio-27.2\libobs\obs-encoder.h">
      <Filter>libobs\inc</Filter>
    </ClInclude>
    <ClInclude Include="..\..\..\..\obs-studio-27.2\libobs\obs-ffmpeg-compat.h">
      <Filter>libobs\inc</Filter>
    </ClInclude>
    <ClInclude Include="..\..\..\..\obs-studio-27.2\libobs\obs-hotkey.h">
      <Filter>libobs\inc</Filter>
    </ClInclude>
    <ClInclude Include="..\..\..\..\obs-studio-27.2\libobs\obs-hotkeys.h">
      <Filter>libobs\inc</Filter>
    </ClInclude>
    <ClInclude Include="..\..\..\..\obs-studio-27.2\libobs\obs-interaction.h">
      <Filter>libobs\inc</Filter>
    </ClInclude>
    <ClInclude Include="..\..\..\..\obs-studio-27.2\libobs\obs-internal.h">
      <Filter>libobs\inc</Filter>
    </ClInclude>
    <ClInclude Include="..\..\..\..\obs-studio-27.2\libobs\obs-missing-files.h">
      <Filter>libobs\inc</Filter>
    </ClInclude>
    <ClInclude Include="..\..\..\..\obs-studio-27.2\libobs\obs-module.h">
      <Filter>libobs\inc</Filter>
    </ClInclude>
    <ClInclude Include="..\..\..\..\obs-studio-27.2\libobs\obs-properties.h">
      <Filter>libobs\inc</Filter>
    </ClInclude>
    <ClInclude Include="..\..\..\..\obs-studio-27.2\libobs\obs-scene.h">
      <Filter>libobs\inc</Filter>
    </ClInclude>
    <ClInclude Include="..\..\..\..\obs-studio-27.2\libobs\obs-service.h">
      <Filter>libobs\inc</Filter>
    </ClInclude>
    <ClInclude Include="..\..\..\..\obs-studio-27.2\libobs\obs-source.h">
      <Filter>libobs\inc</Filter>
    </ClInclude>
    <ClInclude Include="..\..\..\..\obs-studio-27.2\libobs\obs-ui.h">
      <Filter>libobs\inc</Filter>
    </ClInclude>
  </ItemGroup>
  <ItemGroup>
    <ClCompile Include="..\..\..\..\obs-studio-27.2\libobs\callback\calldata.c">
      <Filter>callback</Filter>
    </ClCompile>
    <ClCompile Include="..\..\..\..\obs-studio-27.2\libobs\callback\decl.c">
      <Filter>callback</Filter>
    </ClCompile>
    <ClCompile Include="..\..\..\..\obs-studio-27.2\libobs\callback\proc.c">
      <Filter>callback</Filter>
    </ClCompile>
    <ClCompile Include="..\..\..\..\obs-studio-27.2\libobs\callback\signal.c">
      <Filter>callback</Filter>
    </ClCompile>
    <ClCompile Include="..\..\..\..\obs-studio-27.2\libobs\graphics\vec3.c">
      <Filter>graphics\src</Filter>
    </ClCompile>
    <ClCompile Include="..\..\..\..\obs-studio-27.2\libobs\graphics\vec4.c">
      <Filter>graphics\src</Filter>
    </ClCompile>
    <ClCompile Include="..\..\..\..\obs-studio-27.2\libobs\graphics\texture-render.c">
      <Filter>graphics\src</Filter>
    </ClCompile>
    <ClCompile Include="..\..\..\..\obs-studio-27.2\libobs\graphics\vec2.c">
      <Filter>graphics\src</Filter>
    </ClCompile>
    <ClCompile Include="..\..\..\..\obs-studio-27.2\libobs\graphics\shader-parser.c">
      <Filter>graphics\src</Filter>
    </ClCompile>
    <ClCompile Include="..\..\..\..\obs-studio-27.2\libobs\graphics\matrix4.c">
      <Filter>graphics\src</Filter>
    </ClCompile>
    <ClCompile Include="..\..\..\..\obs-studio-27.2\libobs\graphics\plane.c">
      <Filter>graphics\src</Filter>
    </ClCompile>
    <ClCompile Include="..\..\..\..\obs-studio-27.2\libobs\graphics\quat.c">
      <Filter>graphics\src</Filter>
    </ClCompile>
    <ClCompile Include="..\..\..\..\obs-studio-27.2\libobs\graphics\libnsgif\libnsgif.c">
      <Filter>graphics\src</Filter>
    </ClCompile>
    <ClCompile Include="..\..\..\..\obs-studio-27.2\libobs\graphics\math-extra.c">
      <Filter>graphics\src</Filter>
    </ClCompile>
    <ClCompile Include="..\..\..\..\obs-studio-27.2\libobs\graphics\matrix3.c">
      <Filter>graphics\src</Filter>
    </ClCompile>
    <ClCompile Include="..\..\..\..\obs-studio-27.2\libobs\graphics\image-file.c">
      <Filter>graphics\src</Filter>
    </ClCompile>
    <ClCompile Include="..\..\..\..\obs-studio-27.2\libobs\graphics\graphics.c">
      <Filter>graphics\src</Filter>
    </ClCompile>
    <ClCompile Include="..\..\..\..\obs-studio-27.2\libobs\graphics\graphics-ffmpeg.c">
      <Filter>graphics\src</Filter>
    </ClCompile>
    <ClCompile Include="..\..\..\..\obs-studio-27.2\libobs\graphics\graphics-imports.c">
      <Filter>graphics\src</Filter>
    </ClCompile>
    <ClCompile Include="..\..\..\..\obs-studio-27.2\libobs\graphics\effect.c">
      <Filter>graphics\src</Filter>
    </ClCompile>
    <ClCompile Include="..\..\..\..\obs-studio-27.2\libobs\graphics\effect-parser.c">
      <Filter>graphics\src</Filter>
    </ClCompile>
    <ClCompile Include="..\..\..\..\obs-studio-27.2\libobs\graphics\bounds.c">
      <Filter>graphics\src</Filter>
    </ClCompile>
    <ClCompile Include="..\..\..\..\obs-studio-27.2\libobs\graphics\axisang.c">
      <Filter>graphics\src</Filter>
    </ClCompile>
    <ClCompile Include="..\..\..\..\obs-studio-27.2\libobs\audio-monitoring\win32\wasapi-enum-devices.c">
      <Filter>audio-monitoring</Filter>
    </ClCompile>
    <ClCompile Include="..\..\..\..\obs-studio-27.2\libobs\audio-monitoring\win32\wasapi-monitoring-available.c">
      <Filter>audio-monitoring</Filter>
    </ClCompile>
    <ClCompile Include="..\..\..\..\obs-studio-27.2\libobs\audio-monitoring\win32\wasapi-output.c">
      <Filter>audio-monitoring</Filter>
    </ClCompile>
    <ClCompile Include="..\..\..\..\obs-studio-27.2\libobs\util\utf8.c">
      <Filter>util\src</Filter>
    </ClCompile>
    <ClCompile Include="..\..\..\..\obs-studio-27.2\libobs\util\text-lookup.c">
      <Filter>util\src</Filter>
    </ClCompile>
    <ClCompile Include="..\..\..\..\obs-studio-27.2\libobs\util\task.c">
      <Filter>util\src</Filter>
    </ClCompile>
    <ClCompile Include="..\..\..\..\obs-studio-27.2\libobs\util\profiler.c">
      <Filter>util\src</Filter>
    </ClCompile>
    <ClCompile Include="..\..\..\..\obs-studio-27.2\libobs\util\file-serializer.c">
      <Filter>util\src</Filter>
    </ClCompile>
    <ClCompile Include="..\..\..\..\obs-studio-27.2\libobs\util\lexer.c">
      <Filter>util\src</Filter>
    </ClCompile>
    <ClCompile Include="..\..\..\..\obs-studio-27.2\libobs\util\dstr.c">
      <Filter>util\src</Filter>
    </ClCompile>
    <ClCompile Include="..\..\..\..\obs-studio-27.2\libobs\util\config-file.c">
      <Filter>util\src</Filter>
    </ClCompile>
    <ClCompile Include="..\..\..\..\obs-studio-27.2\libobs\util\crc32.c">
      <Filter>util\src</Filter>
    </ClCompile>
    <ClCompile Include="..\..\..\..\obs-studio-27.2\libobs\util\cf-lexer.c">
      <Filter>util\src</Filter>
    </ClCompile>
    <ClCompile Include="..\..\..\..\obs-studio-27.2\libobs\util\cf-parser.c">
      <Filter>util\src</Filter>
    </ClCompile>
    <ClCompile Include="..\..\..\..\obs-studio-27.2\libobs\util\bitstream.c">
      <Filter>util\src</Filter>
    </ClCompile>
    <ClCompile Include="..\..\..\..\obs-studio-27.2\libobs\util\bmem.c">
      <Filter>util\src</Filter>
    </ClCompile>
    <ClCompile Include="..\..\..\..\obs-studio-27.2\libobs\util\array-serializer.c">
      <Filter>util\src</Filter>
    </ClCompile>
    <ClCompile Include="..\..\..\..\obs-studio-27.2\libobs\util\base.c">
      <Filter>util\src</Filter>
    </ClCompile>
    <ClCompile Include="..\..\..\..\obs-studio-27.2\libobs\media-io\audio-io.c">
      <Filter>media-io</Filter>
    </ClCompile>
    <ClCompile Include="..\..\..\..\obs-studio-27.2\libobs\media-io\audio-resampler-ffmpeg.c">
      <Filter>media-io</Filter>
    </ClCompile>
    <ClCompile Include="..\..\..\..\obs-studio-27.2\libobs\media-io\format-conversion.c">
      <Filter>media-io</Filter>
    </ClCompile>
    <ClCompile Include="..\..\..\..\obs-studio-27.2\libobs\media-io\media-remux.c">
      <Filter>media-io</Filter>
    </ClCompile>
    <ClCompile Include="..\..\..\..\obs-studio-27.2\libobs\media-io\video-fourcc.c">
      <Filter>media-io</Filter>
    </ClCompile>
    <ClCompile Include="..\..\..\..\obs-studio-27.2\libobs\media-io\video-frame.c">
      <Filter>media-io</Filter>
    </ClCompile>
    <ClCompile Include="..\..\..\..\obs-studio-27.2\libobs\media-io\video-io.c">
      <Filter>media-io</Filter>
    </ClCompile>
    <ClCompile Include="..\..\..\..\obs-studio-27.2\libobs\media-io\video-matrices.c">
      <Filter>media-io</Filter>
    </ClCompile>
    <ClCompile Include="..\..\..\..\obs-studio-27.2\libobs\media-io\video-scaler-ffmpeg.c">
      <Filter>media-io</Filter>
    </ClCompile>
    <ClCompile Include="..\..\..\..\obs-studio-27.2\libobs\obs.c">
      <Filter>libobs\src</Filter>
    </ClCompile>
    <ClCompile Include="..\..\..\..\obs-studio-27.2\libobs\obs-audio.c">
      <Filter>libobs\src</Filter>
    </ClCompile>
    <ClCompile Include="..\..\..\..\obs-studio-27.2\libobs\obs-audio-controls.c">
      <Filter>libobs\src</Filter>
    </ClCompile>
    <ClCompile Include="..\..\..\..\obs-studio-27.2\libobs\obs-avc.c">
      <Filter>libobs\src</Filter>
    </ClCompile>
    <ClCompile Include="..\..\..\..\obs-studio-27.2\libobs\obs-data.c">
      <Filter>libobs\src</Filter>
    </ClCompile>
    <ClCompile Include="..\..\..\..\obs-studio-27.2\libobs\obs-display.c">
      <Filter>libobs\src</Filter>
    </ClCompile>
    <ClCompile Include="..\..\..\..\obs-studio-27.2\libobs\obs-encoder.c">
      <Filter>libobs\src</Filter>
    </ClCompile>
    <ClCompile Include="..\..\..\..\obs-studio-27.2\libobs\obs-hotkey.c">
      <Filter>libobs\src</Filter>
    </ClCompile>
    <ClCompile Include="..\..\..\..\obs-studio-27.2\libobs\obs-hotkey-name-map.c">
      <Filter>libobs\src</Filter>
    </ClCompile>
    <ClCompile Include="..\..\..\..\obs-studio-27.2\libobs\obs-missing-files.c">
      <Filter>libobs\src</Filter>
    </ClCompile>
    <ClCompile Include="..\..\..\..\obs-studio-27.2\libobs\obs-module.c">
      <Filter>libobs\src</Filter>
    </ClCompile>
    <ClCompile Include="..\..\..\..\obs-studio-27.2\libobs\obs-output.c">
      <Filter>libobs\src</Filter>
    </ClCompile>
    <ClCompile Include="..\..\..\..\obs-studio-27.2\libobs\obs-output-delay.c">
      <Filter>libobs\src</Filter>
    </ClCompile>
    <ClCompile Include="..\..\..\..\obs-studio-27.2\libobs\obs-properties.c">
      <Filter>libobs\src</Filter>
    </ClCompile>
    <ClCompile Include="..\..\..\..\obs-studio-27.2\libobs\obs-scene.c">
      <Filter>libobs\src</Filter>
    </ClCompile>
    <ClCompile Include="..\..\..\..\obs-studio-27.2\libobs\obs-service.c">
      <Filter>libobs\src</Filter>
    </ClCompile>
    <ClCompile Include="..\..\..\..\obs-studio-27.2\libobs\obs-source.c">
      <Filter>libobs\src</Filter>
    </ClCompile>
    <ClCompile Include="..\..\..\..\obs-studio-27.2\libobs\obs-source-deinterlace.c">
      <Filter>libobs\src</Filter>
    </ClCompile>
    <ClCompile Include="..\..\..\..\obs-studio-27.2\libobs\obs-source-transition.c">
      <Filter>libobs\src</Filter>
    </ClCompile>
    <ClCompile Include="..\..\..\..\obs-studio-27.2\libobs\obs-video.c">
      <Filter>libobs\src</Filter>
    </ClCompile>
    <ClCompile Include="..\..\..\..\obs-studio-27.2\libobs\obs-video-gpu-encode.c">
      <Filter>libobs\src</Filter>
    </ClCompile>
    <ClCompile Include="..\..\..\..\obs-studio-27.2\libobs\obs-view.c">
      <Filter>libobs\src</Filter>
    </ClCompile>
    <ClCompile Include="..\..\..\..\obs-studio-27.2\libobs\obs-win-crash-handler.c">
      <Filter>libobs\src</Filter>
    </ClCompile>
    <ClCompile Include="..\..\..\..\obs-studio-27.2\libobs\obs-windows.c">
      <Filter>libobs\src</Filter>
    </ClCompile>
    <ClCompile Include="..\..\..\..\obs-studio-27.2\libobs\util\pipe-windows.c">
      <Filter>util\src</Filter>
    </ClCompile>
    <ClCompile Include="..\..\..\..\obs-studio-27.2\libobs\util\platform-windows.c">
      <Filter>util\src</Filter>
    </ClCompile>
    <ClCompile Include="..\..\..\..\obs-studio-27.2\libobs\util\threading-windows.c">
      <Filter>util\src</Filter>
    </ClCompile>
    <ClCompile Include="..\..\..\..\obs-studio-27.2\libobs\util\platform.c">
      <Filter>util\src</Filter>
    </ClCompile>
  </ItemGroup>
  <ItemGroup>
    <None Include="..\..\..\..\obs-studio-27.2\libobs\data\area.effect">
      <Filter>data\Effect Files</Filter>
    </None>
    <None Include="..\..\..\..\obs-studio-27.2\libobs\data\bicubic_scale.effect">
      <Filter>data\Effect Files</Filter>
    </None>
    <None Include="..\..\..\..\obs-studio-27.2\libobs\data\bilinear_lowres_scale.effect">
      <Filter>data\Effect Files</Filter>
    </None>
    <None Include="..\..\..\..\obs-studio-27.2\libobs\data\default.effect">
      <Filter>data\Effect Files</Filter>
    </None>
    <None Include="..\..\..\..\obs-studio-27.2\libobs\data\default_rect.effect">
      <Filter>data\Effect Files</Filter>
    </None>
    <None Include="..\..\..\..\obs-studio-27.2\libobs\data\deinterlace_base.effect">
      <Filter>data\Effect Files</Filter>
    </None>
    <None Include="..\..\..\..\obs-studio-27.2\libobs\data\deinterlace_blend.effect">
      <Filter>data\Effect Files</Filter>
    </None>
    <None Include="..\..\..\..\obs-studio-27.2\libobs\data\deinterlace_blend_2x.effect">
      <Filter>data\Effect Files</Filter>
    </None>
    <None Include="..\..\..\..\obs-studio-27.2\libobs\data\deinterlace_discard.effect">
      <Filter>data\Effect Files</Filter>
    </None>
    <None Include="..\..\..\..\obs-studio-27.2\libobs\data\deinterlace_discard_2x.effect">
      <Filter>data\Effect Files</Filter>
    </None>
    <None Include="..\..\..\..\obs-studio-27.2\libobs\data\deinterlace_linear.effect">
      <Filter>data\Effect Files</Filter>
    </None>
    <None Include="..\..\..\..\obs-studio-27.2\libobs\data\deinterlace_linear_2x.effect">
      <Filter>data\Effect Files</Filter>
    </None>
    <None Include="..\..\..\..\obs-studio-27.2\libobs\data\deinterlace_yadif.effect">
      <Filter>data\Effect Files</Filter>
    </None>
    <None Include="..\..\..\..\obs-studio-27.2\libobs\data\deinterlace_yadif_2x.effect">
      <Filter>data\Effect Files</Filter>
    </None>
    <None Include="..\..\..\..\obs-studio-27.2\libobs\data\format_conversion.effect">
      <Filter>data\Effect Files</Filter>
    </None>
    <None Include="..\..\..\..\obs-studio-27.2\libobs\data\lanczos_scale.effect">
      <Filter>data\Effect Files</Filter>
    </None>
    <None Include="..\..\..\..\obs-studio-27.2\libobs\data\opaque.effect">
      <Filter>data\Effect Files</Filter>
    </None>
    <None Include="..\..\..\..\obs-studio-27.2\libobs\data\premultiplied_alpha.effect">
      <Filter>data\Effect Files</Filter>
    </None>
    <None Include="..\..\..\..\obs-studio-27.2\libobs\data\repeat.effect">
      <Filter>data\Effect Files</Filter>
    </None>
    <None Include="..\..\..\..\obs-studio-27.2\libobs\data\solid.effect">
      <Filter>data\Effect Files</Filter>
    </None>
  </ItemGroup>
</Project>