<?xml version="1.0" encoding="utf-8"?>
<Project ToolsVersion="4.0" xmlns="http://schemas.microsoft.com/developer/msbuild/2003">
  <ItemGroup>
    <ClCompile Include="..\..\..\..\..\obs-studio-27.2\plugins\win-capture\graphics-hook\d3d8-capture.cpp">
      <Filter>src</Filter>
    </ClCompile>
    <ClCompile Include="..\..\..\..\..\obs-studio-27.2\plugins\win-capture\graphics-hook\d3d9-capture.cpp">
      <Filter>src</Filter>
    </ClCompile>
    <ClCompile Include="..\..\..\..\..\obs-studio-27.2\plugins\win-capture\graphics-hook\d3d10-capture.cpp">
      <Filter>src</Filter>
    </ClCompile>
    <ClCompile Include="..\..\..\..\..\obs-studio-27.2\plugins\win-capture\graphics-hook\d3d11-capture.cpp">
      <Filter>src</Filter>
    </ClCompile>
    <ClCompile Include="..\..\..\..\..\obs-studio-27.2\plugins\win-capture\graphics-hook\d3d12-capture.cpp">
      <Filter>src</Filter>
    </ClCompile>
    <ClCompile Include="..\..\..\..\..\obs-studio-27.2\plugins\win-capture\graphics-hook\dxgi-capture.cpp">
      <Filter>src</Filter>
    </ClCompile>
    <ClCompile Include="..\..\..\..\..\obs-studio-27.2\plugins\win-capture\graphics-hook\gl-capture.c">
      <Filter>src</Filter>
    </ClCompile>
    <ClCompile Include="..\..\..\..\..\obs-studio-27.2\plugins\win-capture\graphics-hook\vulkan-capture.c">
      <Filter>src</Filter>
    </ClCompile>
    <ClCompile Include="..\..\..\..\..\obs-studio-27.2\plugins\win-capture\graphics-hook\graphics-hook.c">
      <Filter>src</Filter>
    </ClCompile>
    <ClCompile Include="..\..\..\..\..\obs-studio-27.2\plugins\win-capture\obfuscate.c">
      <Filter>src</Filter>
    </ClCompile>
  </ItemGroup>
  <ItemGroup>
    <ClInclude Include="..\..\..\..\..\obs-studio-27.2\plugins\win-capture\graphics-hook\vulkan-capture.h">
      <Filter>inc</Filter>
    </ClInclude>
    <ClInclude Include="..\..\..\..\..\obs-studio-27.2\plugins\win-capture\graphics-hook\gl-decs.h">
      <Filter>inc</Filter>
    </ClInclude>
    <ClInclude Include="..\..\..\..\..\obs-studio-27.2\plugins\win-capture\graphics-hook\graphics-hook.h">
      <Filter>inc</Filter>
    </ClInclude>
    <ClInclude Include="..\..\..\..\..\obs-studio-27.2\plugins\win-capture\graphics-hook\dxgi-helpers.hpp">
      <Filter>inc</Filter>
    </ClInclude>
    <ClInclude Include="..\..\..\..\..\obs-studio-27.2\plugins\win-capture\graphics-hook-info.h">
      <Filter>inc</Filter>
    </ClInclude>
    <ClInclude Include="..\..\..\..\..\obs-studio-27.2\plugins\win-capture\graphics-hook-ver.h">
      <Filter>inc</Filter>
    </ClInclude>
    <ClInclude Include="..\..\..\..\..\obs-studio-27.2\plugins\win-capture\hook-helpers.h">
      <Filter>inc</Filter>
    </ClInclude>
    <ClInclude Include="..\..\..\..\..\obs-studio-27.2\plugins\win-capture\obfuscate.h">
      <Filter>inc</Filter>
    </ClInclude>
    <ClInclude Include="..\..\..\..\..\obs-studio-27.2\plugins\win-capture\graphics-hook\d3d9-patches.hpp">
      <Filter>inc</Filter>
    </ClInclude>
  </ItemGroup>
  <ItemGroup>
    <Filter Include="src">
      <UniqueIdentifier>{f4cc0afa-9724-4aac-a20c-485955877fff}</UniqueIdentifier>
    </Filter>
    <Filter Include="inc">
      <UniqueIdentifier>{212c01e1-4377-4058-abc0-f979f53baf33}</UniqueIdentifier>
    </Filter>
  </ItemGroup>
</Project>